
Microsoft Visual Studio Solution File, Format Version 12.00
# Visual Studio Version 17
VisualStudioVersion = 17.4.33213.308
MinimumVisualStudioVersion = 10.0.40219.1
Project("{FAE04EC0-301F-11D3-BF4B-00C04F79EFBC}") = "WebAPI6", "WebAPI6.csproj", "{82135B66-4978-4BC1-BD8B-97A0EC53685F}"
EndProject
Global
	GlobalSection(SolutionConfigurationPlatforms) = preSolution
		Debug|Any CPU = Debug|Any CPU
		Release|Any CPU = Release|Any CPU
	EndGlobalSection
	GlobalSection(ProjectConfigurationPlatforms) = postSolution
		{82135B66-4978-4BC1-BD8B-97A0EC53685F}.Debug|Any CPU.ActiveCfg = Debug|Any CPU
		{82135B66-4978-4BC1-BD8B-97A0EC53685F}.Debug|Any CPU.Build.0 = Debug|Any CPU
		{82135B66-4978-4BC1-BD8B-97A0EC53685F}.Release|Any CPU.ActiveCfg = Release|Any CPU
		{82135B66-4978-4BC1-BD8B-97A0EC53685F}.Release|Any CPU.Build.0 = Release|Any CPU
	EndGlobalSection
	GlobalSection(SolutionProperties) = preSolution
		HideSolutionNode = FALSE
	EndGlobalSection
	GlobalSection(ExtensibilityGlobals) = postSolution
		SolutionGuid = {391436DF-2FEF-48E0-8111-2058F1AB1171}
	EndGlobalSection
EndGlobal
